// !$*UTF8*$!
{
	archiveVersion = 1;
	classes = {
	};
	objectVersion = 46;
	objects = {

/* Begin PBXBuildFile section */
		0A3947A115264A5700E1938A /* Event.h in Headers */ = {isa = PBXBuildFile; fileRef = 0A39479F15264A5700E1938A /* Event.h */; };
		0A3947A215264A5700E1938A /* Event.m in Sources */ = {isa = PBXBuildFile; fileRef = 0A3947A015264A5700E1938A /* Event.m */; };
		0A3947A615278C8000E1938A /* EventQueue.h in Headers */ = {isa = PBXBuildFile; fileRef = 0A3947A415278C7F00E1938A /* EventQueue.h */; };
		0A3947A715278C8000E1938A /* EventQueue.m in Sources */ = {isa = PBXBuildFile; fileRef = 0A3947A515278C8000E1938A /* EventQueue.m */; };
		0A47D14215215BAF00655ABD /* JSON.h in Headers */ = {isa = PBXBuildFile; fileRef = 0A47D12815215BAF00655ABD /* JSON.h */; };
		0A47D14315215BAF00655ABD /* NSObject+SBJson.h in Headers */ = {isa = PBXBuildFile; fileRef = 0A47D12915215BAF00655ABD /* NSObject+SBJson.h */; };
		0A47D14415215BAF00655ABD /* NSObject+SBJson.m in Sources */ = {isa = PBXBuildFile; fileRef = 0A47D12A15215BAF00655ABD /* NSObject+SBJson.m */; };
		0A47D14515215BAF00655ABD /* SBJson.h in Headers */ = {isa = PBXBuildFile; fileRef = 0A47D12B15215BAF00655ABD /* SBJson.h */; };
		0A47D14615215BAF00655ABD /* SBJsonParser.h in Headers */ = {isa = PBXBuildFile; fileRef = 0A47D12C15215BAF00655ABD /* SBJsonParser.h */; };
		0A47D14715215BAF00655ABD /* SBJsonParser.m in Sources */ = {isa = PBXBuildFile; fileRef = 0A47D12D15215BAF00655ABD /* SBJsonParser.m */; };
		0A47D14815215BAF00655ABD /* SBJsonStreamParser.h in Headers */ = {isa = PBXBuildFile; fileRef = 0A47D12E15215BAF00655ABD /* SBJsonStreamParser.h */; };
		0A47D14915215BAF00655ABD /* SBJsonStreamParser.m in Sources */ = {isa = PBXBuildFile; fileRef = 0A47D12F15215BAF00655ABD /* SBJsonStreamParser.m */; };
		0A47D14A15215BAF00655ABD /* SBJsonStreamParserAccumulator.h in Headers */ = {isa = PBXBuildFile; fileRef = 0A47D13015215BAF00655ABD /* SBJsonStreamParserAccumulator.h */; };
		0A47D14B15215BAF00655ABD /* SBJsonStreamParserAccumulator.m in Sources */ = {isa = PBXBuildFile; fileRef = 0A47D13115215BAF00655ABD /* SBJsonStreamParserAccumulator.m */; };
		0A47D14C15215BAF00655ABD /* SBJsonStreamParserAdapter.h in Headers */ = {isa = PBXBuildFile; fileRef = 0A47D13215215BAF00655ABD /* SBJsonStreamParserAdapter.h */; };
		0A47D14D15215BAF00655ABD /* SBJsonStreamParserAdapter.m in Sources */ = {isa = PBXBuildFile; fileRef = 0A47D13315215BAF00655ABD /* SBJsonStreamParserAdapter.m */; };
		0A47D14E15215BAF00655ABD /* SBJsonStreamParserState.h in Headers */ = {isa = PBXBuildFile; fileRef = 0A47D13415215BAF00655ABD /* SBJsonStreamParserState.h */; };
		0A47D14F15215BAF00655ABD /* SBJsonStreamParserState.m in Sources */ = {isa = PBXBuildFile; fileRef = 0A47D13515215BAF00655ABD /* SBJsonStreamParserState.m */; };
		0A47D15015215BAF00655ABD /* SBJsonStreamWriter.h in Headers */ = {isa = PBXBuildFile; fileRef = 0A47D13615215BAF00655ABD /* SBJsonStreamWriter.h */; };
		0A47D15115215BAF00655ABD /* SBJsonStreamWriter.m in Sources */ = {isa = PBXBuildFile; fileRef = 0A47D13715215BAF00655ABD /* SBJsonStreamWriter.m */; };
		0A47D15215215BAF00655ABD /* SBJsonStreamWriterAccumulator.h in Headers */ = {isa = PBXBuildFile; fileRef = 0A47D13815215BAF00655ABD /* SBJsonStreamWriterAccumulator.h */; };
		0A47D15315215BAF00655ABD /* SBJsonStreamWriterAccumulator.m in Sources */ = {isa = PBXBuildFile; fileRef = 0A47D13915215BAF00655ABD /* SBJsonStreamWriterAccumulator.m */; };
		0A47D15415215BAF00655ABD /* SBJsonStreamWriterState.h in Headers */ = {isa = PBXBuildFile; fileRef = 0A47D13A15215BAF00655ABD /* SBJsonStreamWriterState.h */; };
		0A47D15515215BAF00655ABD /* SBJsonStreamWriterState.m in Sources */ = {isa = PBXBuildFile; fileRef = 0A47D13B15215BAF00655ABD /* SBJsonStreamWriterState.m */; };
		0A47D15615215BAF00655ABD /* SBJsonTokeniser.h in Headers */ = {isa = PBXBuildFile; fileRef = 0A47D13C15215BAF00655ABD /* SBJsonTokeniser.h */; };
		0A47D15715215BAF00655ABD /* SBJsonTokeniser.m in Sources */ = {isa = PBXBuildFile; fileRef = 0A47D13D15215BAF00655ABD /* SBJsonTokeniser.m */; };
		0A47D15815215BAF00655ABD /* SBJsonUTF8Stream.h in Headers */ = {isa = PBXBuildFile; fileRef = 0A47D13E15215BAF00655ABD /* SBJsonUTF8Stream.h */; };
		0A47D15915215BAF00655ABD /* SBJsonUTF8Stream.m in Sources */ = {isa = PBXBuildFile; fileRef = 0A47D13F15215BAF00655ABD /* SBJsonUTF8Stream.m */; };
		0A47D15A15215BAF00655ABD /* SBJsonWriter.h in Headers */ = {isa = PBXBuildFile; fileRef = 0A47D14015215BAF00655ABD /* SBJsonWriter.h */; };
		0A47D15B15215BAF00655ABD /* SBJsonWriter.m in Sources */ = {isa = PBXBuildFile; fileRef = 0A47D14115215BAF00655ABD /* SBJsonWriter.m */; };
		0A47D1C71523977000655ABD /* UCResponse.h in Headers */ = {isa = PBXBuildFile; fileRef = 0A47D1C51523976F00655ABD /* UCResponse.h */; };
		0A47D1C81523977000655ABD /* UCResponse.m in Sources */ = {isa = PBXBuildFile; fileRef = 0A47D1C61523976F00655ABD /* UCResponse.m */; };
		0A47D1CB1523A0FE00655ABD /* Session.h in Headers */ = {isa = PBXBuildFile; fileRef = 0A47D1C91523A0FD00655ABD /* Session.h */; };
		0A47D1CC1523A0FE00655ABD /* Session.m in Sources */ = {isa = PBXBuildFile; fileRef = 0A47D1CA1523A0FD00655ABD /* Session.m */; };
		0A699752154B56450054155A /* UCIdentifier.h in Headers */ = {isa = PBXBuildFile; fileRef = 0A699750154B56450054155A /* UCIdentifier.h */; };
		0A699753154B56450054155A /* UCIdentifier.m in Sources */ = {isa = PBXBuildFile; fileRef = 0A699751154B56450054155A /* UCIdentifier.m */; };
		0A833EB71517B03D000BECBB /* Foundation.framework in Frameworks */ = {isa = PBXBuildFile; fileRef = 0A833EB61517B03D000BECBB /* Foundation.framework */; };
		0A833EBD1517B03D000BECBB /* UserClues.m in Sources */ = {isa = PBXBuildFile; fileRef = 0A833EBC1517B03D000BECBB /* UserClues.m */; };
		0A833EC51517B03D000BECBB /* SenTestingKit.framework in Frameworks */ = {isa = PBXBuildFile; fileRef = 0A833EC41517B03D000BECBB /* SenTestingKit.framework */; };
		0A833EC71517B03D000BECBB /* UIKit.framework in Frameworks */ = {isa = PBXBuildFile; fileRef = 0A833EC61517B03D000BECBB /* UIKit.framework */; };
		0A833EC81517B03D000BECBB /* Foundation.framework in Frameworks */ = {isa = PBXBuildFile; fileRef = 0A833EB61517B03D000BECBB /* Foundation.framework */; };
		0A833ECB1517B03D000BECBB /* libUserCluesIOS.a in Frameworks */ = {isa = PBXBuildFile; fileRef = 0A833EB31517B03D000BECBB /* libUserCluesIOS.a */; };
		0A833ED11517B03D000BECBB /* InfoPlist.strings in Resources */ = {isa = PBXBuildFile; fileRef = 0A833ECF1517B03D000BECBB /* InfoPlist.strings */; };
		0A833ED41517B03D000BECBB /* UserCluesIOSTests.m in Sources */ = {isa = PBXBuildFile; fileRef = 0A833ED31517B03D000BECBB /* UserCluesIOSTests.m */; };
		0A833EE51517C19B000BECBB /* UserClues+Private.h in Headers */ = {isa = PBXBuildFile; fileRef = 0A833EE41517C19B000BECBB /* UserClues+Private.h */; };
		0A833EE91517E7B8000BECBB /* API.h in Headers */ = {isa = PBXBuildFile; fileRef = 0A833EE71517E7B8000BECBB /* API.h */; };
		0A833EEA1517E7B8000BECBB /* API.m in Sources */ = {isa = PBXBuildFile; fileRef = 0A833EE81517E7B8000BECBB /* API.m */; };
		0A833EED151825E2000BECBB /* Routes.h in Headers */ = {isa = PBXBuildFile; fileRef = 0A833EEB151825E2000BECBB /* Routes.h */; };
		0A833EEE151825E2000BECBB /* Routes.m in Sources */ = {isa = PBXBuildFile; fileRef = 0A833EEC151825E2000BECBB /* Routes.m */; };
		0A833EF5151B61F1000BECBB /* ExceptionHandler.h in Headers */ = {isa = PBXBuildFile; fileRef = 0A833EF3151B61F0000BECBB /* ExceptionHandler.h */; };
		0A833EF6151B61F1000BECBB /* ExceptionHandler.m in Sources */ = {isa = PBXBuildFile; fileRef = 0A833EF4151B61F1000BECBB /* ExceptionHandler.m */; };
		0AC83C5E1549BC2E00390F7A /* UIKit.framework in Frameworks */ = {isa = PBXBuildFile; fileRef = 0AC83C5D1549BC2E00390F7A /* UIKit.framework */; };
/* End PBXBuildFile section */

/* Begin PBXContainerItemProxy section */
		0A833EC91517B03D000BECBB /* PBXContainerItemProxy */ = {
			isa = PBXContainerItemProxy;
			containerPortal = 0A833EAA1517B03D000BECBB /* Project object */;
			proxyType = 1;
			remoteGlobalIDString = 0A833EB21517B03D000BECBB;
			remoteInfo = UserCluesIOS;
		};
/* End PBXContainerItemProxy section */

/* Begin PBXFileReference section */
		0A39479F15264A5700E1938A /* Event.h */ = {isa = PBXFileReference; fileEncoding = 4; lastKnownFileType = sourcecode.c.h; path = Event.h; sourceTree = "<group>"; };
		0A3947A015264A5700E1938A /* Event.m */ = {isa = PBXFileReference; fileEncoding = 4; lastKnownFileType = sourcecode.c.objc; path = Event.m; sourceTree = "<group>"; };
		0A3947A415278C7F00E1938A /* EventQueue.h */ = {isa = PBXFileReference; fileEncoding = 4; lastKnownFileType = sourcecode.c.h; path = EventQueue.h; sourceTree = "<group>"; };
		0A3947A515278C8000E1938A /* EventQueue.m */ = {isa = PBXFileReference; fileEncoding = 4; lastKnownFileType = sourcecode.c.objc; path = EventQueue.m; sourceTree = "<group>"; };
		0A47D12815215BAF00655ABD /* JSON.h */ = {isa = PBXFileReference; fileEncoding = 4; lastKnownFileType = sourcecode.c.h; path = JSON.h; sourceTree = "<group>"; };
		0A47D12915215BAF00655ABD /* NSObject+SBJson.h */ = {isa = PBXFileReference; fileEncoding = 4; lastKnownFileType = sourcecode.c.h; path = "NSObject+SBJson.h"; sourceTree = "<group>"; };
		0A47D12A15215BAF00655ABD /* NSObject+SBJson.m */ = {isa = PBXFileReference; fileEncoding = 4; lastKnownFileType = sourcecode.c.objc; path = "NSObject+SBJson.m"; sourceTree = "<group>"; };
		0A47D12B15215BAF00655ABD /* SBJson.h */ = {isa = PBXFileReference; fileEncoding = 4; lastKnownFileType = sourcecode.c.h; path = SBJson.h; sourceTree = "<group>"; };
		0A47D12C15215BAF00655ABD /* SBJsonParser.h */ = {isa = PBXFileReference; fileEncoding = 4; lastKnownFileType = sourcecode.c.h; path = SBJsonParser.h; sourceTree = "<group>"; };
		0A47D12D15215BAF00655ABD /* SBJsonParser.m */ = {isa = PBXFileReference; fileEncoding = 4; lastKnownFileType = sourcecode.c.objc; path = SBJsonParser.m; sourceTree = "<group>"; };
		0A47D12E15215BAF00655ABD /* SBJsonStreamParser.h */ = {isa = PBXFileReference; fileEncoding = 4; lastKnownFileType = sourcecode.c.h; path = SBJsonStreamParser.h; sourceTree = "<group>"; };
		0A47D12F15215BAF00655ABD /* SBJsonStreamParser.m */ = {isa = PBXFileReference; fileEncoding = 4; lastKnownFileType = sourcecode.c.objc; path = SBJsonStreamParser.m; sourceTree = "<group>"; };
		0A47D13015215BAF00655ABD /* SBJsonStreamParserAccumulator.h */ = {isa = PBXFileReference; fileEncoding = 4; lastKnownFileType = sourcecode.c.h; path = SBJsonStreamParserAccumulator.h; sourceTree = "<group>"; };
		0A47D13115215BAF00655ABD /* SBJsonStreamParserAccumulator.m */ = {isa = PBXFileReference; fileEncoding = 4; lastKnownFileType = sourcecode.c.objc; path = SBJsonStreamParserAccumulator.m; sourceTree = "<group>"; };
		0A47D13215215BAF00655ABD /* SBJsonStreamParserAdapter.h */ = {isa = PBXFileReference; fileEncoding = 4; lastKnownFileType = sourcecode.c.h; path = SBJsonStreamParserAdapter.h; sourceTree = "<group>"; };
		0A47D13315215BAF00655ABD /* SBJsonStreamParserAdapter.m */ = {isa = PBXFileReference; fileEncoding = 4; lastKnownFileType = sourcecode.c.objc; path = SBJsonStreamParserAdapter.m; sourceTree = "<group>"; };
		0A47D13415215BAF00655ABD /* SBJsonStreamParserState.h */ = {isa = PBXFileReference; fileEncoding = 4; lastKnownFileType = sourcecode.c.h; path = SBJsonStreamParserState.h; sourceTree = "<group>"; };
		0A47D13515215BAF00655ABD /* SBJsonStreamParserState.m */ = {isa = PBXFileReference; fileEncoding = 4; lastKnownFileType = sourcecode.c.objc; path = SBJsonStreamParserState.m; sourceTree = "<group>"; };
		0A47D13615215BAF00655ABD /* SBJsonStreamWriter.h */ = {isa = PBXFileReference; fileEncoding = 4; lastKnownFileType = sourcecode.c.h; path = SBJsonStreamWriter.h; sourceTree = "<group>"; };
		0A47D13715215BAF00655ABD /* SBJsonStreamWriter.m */ = {isa = PBXFileReference; fileEncoding = 4; lastKnownFileType = sourcecode.c.objc; path = SBJsonStreamWriter.m; sourceTree = "<group>"; };
		0A47D13815215BAF00655ABD /* SBJsonStreamWriterAccumulator.h */ = {isa = PBXFileReference; fileEncoding = 4; lastKnownFileType = sourcecode.c.h; path = SBJsonStreamWriterAccumulator.h; sourceTree = "<group>"; };
		0A47D13915215BAF00655ABD /* SBJsonStreamWriterAccumulator.m */ = {isa = PBXFileReference; fileEncoding = 4; lastKnownFileType = sourcecode.c.objc; path = SBJsonStreamWriterAccumulator.m; sourceTree = "<group>"; };
		0A47D13A15215BAF00655ABD /* SBJsonStreamWriterState.h */ = {isa = PBXFileReference; fileEncoding = 4; lastKnownFileType = sourcecode.c.h; path = SBJsonStreamWriterState.h; sourceTree = "<group>"; };
		0A47D13B15215BAF00655ABD /* SBJsonStreamWriterState.m */ = {isa = PBXFileReference; fileEncoding = 4; lastKnownFileType = sourcecode.c.objc; path = SBJsonStreamWriterState.m; sourceTree = "<group>"; };
		0A47D13C15215BAF00655ABD /* SBJsonTokeniser.h */ = {isa = PBXFileReference; fileEncoding = 4; lastKnownFileType = sourcecode.c.h; path = SBJsonTokeniser.h; sourceTree = "<group>"; };
		0A47D13D15215BAF00655ABD /* SBJsonTokeniser.m */ = {isa = PBXFileReference; fileEncoding = 4; lastKnownFileType = sourcecode.c.objc; path = SBJsonTokeniser.m; sourceTree = "<group>"; };
		0A47D13E15215BAF00655ABD /* SBJsonUTF8Stream.h */ = {isa = PBXFileReference; fileEncoding = 4; lastKnownFileType = sourcecode.c.h; path = SBJsonUTF8Stream.h; sourceTree = "<group>"; };
		0A47D13F15215BAF00655ABD /* SBJsonUTF8Stream.m */ = {isa = PBXFileReference; fileEncoding = 4; lastKnownFileType = sourcecode.c.objc; path = SBJsonUTF8Stream.m; sourceTree = "<group>"; };
		0A47D14015215BAF00655ABD /* SBJsonWriter.h */ = {isa = PBXFileReference; fileEncoding = 4; lastKnownFileType = sourcecode.c.h; path = SBJsonWriter.h; sourceTree = "<group>"; };
		0A47D14115215BAF00655ABD /* SBJsonWriter.m */ = {isa = PBXFileReference; fileEncoding = 4; lastKnownFileType = sourcecode.c.objc; path = SBJsonWriter.m; sourceTree = "<group>"; };
		0A47D1C51523976F00655ABD /* UCResponse.h */ = {isa = PBXFileReference; fileEncoding = 4; lastKnownFileType = sourcecode.c.h; path = UCResponse.h; sourceTree = "<group>"; };
		0A47D1C61523976F00655ABD /* UCResponse.m */ = {isa = PBXFileReference; fileEncoding = 4; lastKnownFileType = sourcecode.c.objc; path = UCResponse.m; sourceTree = "<group>"; };
		0A47D1C91523A0FD00655ABD /* Session.h */ = {isa = PBXFileReference; fileEncoding = 4; lastKnownFileType = sourcecode.c.h; path = Session.h; sourceTree = "<group>"; };
		0A47D1CA1523A0FD00655ABD /* Session.m */ = {isa = PBXFileReference; fileEncoding = 4; lastKnownFileType = sourcecode.c.objc; path = Session.m; sourceTree = "<group>"; };
		0A699750154B56450054155A /* UCIdentifier.h */ = {isa = PBXFileReference; fileEncoding = 4; lastKnownFileType = sourcecode.c.h; path = UCIdentifier.h; sourceTree = "<group>"; };
		0A699751154B56450054155A /* UCIdentifier.m */ = {isa = PBXFileReference; fileEncoding = 4; lastKnownFileType = sourcecode.c.objc; path = UCIdentifier.m; sourceTree = "<group>"; };
		0A833EB31517B03D000BECBB /* libUserCluesIOS.a */ = {isa = PBXFileReference; explicitFileType = archive.ar; includeInIndex = 0; path = libUserCluesIOS.a; sourceTree = BUILT_PRODUCTS_DIR; };
		0A833EB61517B03D000BECBB /* Foundation.framework */ = {isa = PBXFileReference; lastKnownFileType = wrapper.framework; name = Foundation.framework; path = System/Library/Frameworks/Foundation.framework; sourceTree = SDKROOT; };
		0A833EBA1517B03D000BECBB /* UserCluesIOS-Prefix.pch */ = {isa = PBXFileReference; lastKnownFileType = sourcecode.c.h; path = "UserCluesIOS-Prefix.pch"; sourceTree = "<group>"; };
		0A833EBB1517B03D000BECBB /* UserClues.h */ = {isa = PBXFileReference; lastKnownFileType = sourcecode.c.h; path = UserClues.h; sourceTree = "<group>"; };
		0A833EBC1517B03D000BECBB /* UserClues.m */ = {isa = PBXFileReference; lastKnownFileType = sourcecode.c.objc; path = UserClues.m; sourceTree = "<group>"; };
		0A833EC31517B03D000BECBB /* UserCluesIOSTests.octest */ = {isa = PBXFileReference; explicitFileType = wrapper.cfbundle; includeInIndex = 0; path = UserCluesIOSTests.octest; sourceTree = BUILT_PRODUCTS_DIR; };
		0A833EC41517B03D000BECBB /* SenTestingKit.framework */ = {isa = PBXFileReference; lastKnownFileType = wrapper.framework; name = SenTestingKit.framework; path = Library/Frameworks/SenTestingKit.framework; sourceTree = DEVELOPER_DIR; };
		0A833EC61517B03D000BECBB /* UIKit.framework */ = {isa = PBXFileReference; lastKnownFileType = wrapper.framework; name = UIKit.framework; path = Library/Frameworks/UIKit.framework; sourceTree = DEVELOPER_DIR; };
		0A833ECE1517B03D000BECBB /* UserCluesIOSTests-Info.plist */ = {isa = PBXFileReference; lastKnownFileType = text.plist.xml; path = "UserCluesIOSTests-Info.plist"; sourceTree = "<group>"; };
		0A833ED01517B03D000BECBB /* en */ = {isa = PBXFileReference; lastKnownFileType = text.plist.strings; name = en; path = en.lproj/InfoPlist.strings; sourceTree = "<group>"; };
		0A833ED21517B03D000BECBB /* UserCluesIOSTests.h */ = {isa = PBXFileReference; lastKnownFileType = sourcecode.c.h; path = UserCluesIOSTests.h; sourceTree = "<group>"; };
		0A833ED31517B03D000BECBB /* UserCluesIOSTests.m */ = {isa = PBXFileReference; lastKnownFileType = sourcecode.c.objc; path = UserCluesIOSTests.m; sourceTree = "<group>"; };
		0A833EE41517C19B000BECBB /* UserClues+Private.h */ = {isa = PBXFileReference; fileEncoding = 4; lastKnownFileType = sourcecode.c.h; path = "UserClues+Private.h"; sourceTree = "<group>"; };
		0A833EE71517E7B8000BECBB /* API.h */ = {isa = PBXFileReference; fileEncoding = 4; lastKnownFileType = sourcecode.c.h; path = API.h; sourceTree = "<group>"; };
		0A833EE81517E7B8000BECBB /* API.m */ = {isa = PBXFileReference; fileEncoding = 4; lastKnownFileType = sourcecode.c.objc; path = API.m; sourceTree = "<group>"; };
		0A833EEB151825E2000BECBB /* Routes.h */ = {isa = PBXFileReference; fileEncoding = 4; lastKnownFileType = sourcecode.c.h; path = Routes.h; sourceTree = "<group>"; };
		0A833EEC151825E2000BECBB /* Routes.m */ = {isa = PBXFileReference; fileEncoding = 4; lastKnownFileType = sourcecode.c.objc; path = Routes.m; sourceTree = "<group>"; };
		0A833EF3151B61F0000BECBB /* ExceptionHandler.h */ = {isa = PBXFileReference; fileEncoding = 4; lastKnownFileType = sourcecode.c.h; path = ExceptionHandler.h; sourceTree = "<group>"; };
		0A833EF4151B61F1000BECBB /* ExceptionHandler.m */ = {isa = PBXFileReference; fileEncoding = 4; lastKnownFileType = sourcecode.c.objc; path = ExceptionHandler.m; sourceTree = "<group>"; };
		0AC83C5D1549BC2E00390F7A /* UIKit.framework */ = {isa = PBXFileReference; lastKnownFileType = wrapper.framework; name = UIKit.framework; path = System/Library/Frameworks/UIKit.framework; sourceTree = SDKROOT; };
/* End PBXFileReference section */

/* Begin PBXFrameworksBuildPhase section */
		0A833EB01517B03D000BECBB /* Frameworks */ = {
			isa = PBXFrameworksBuildPhase;
			buildActionMask = 2147483647;
			files = (
				0AC83C5E1549BC2E00390F7A /* UIKit.framework in Frameworks */,
				0A833EB71517B03D000BECBB /* Foundation.framework in Frameworks */,
			);
			runOnlyForDeploymentPostprocessing = 0;
		};
		0A833EBF1517B03D000BECBB /* Frameworks */ = {
			isa = PBXFrameworksBuildPhase;
			buildActionMask = 2147483647;
			files = (
				0A833EC51517B03D000BECBB /* SenTestingKit.framework in Frameworks */,
				0A833EC71517B03D000BECBB /* UIKit.framework in Frameworks */,
				0A833EC81517B03D000BECBB /* Foundation.framework in Frameworks */,
				0A833ECB1517B03D000BECBB /* libUserCluesIOS.a in Frameworks */,
			);
			runOnlyForDeploymentPostprocessing = 0;
		};
/* End PBXFrameworksBuildPhase section */

/* Begin PBXGroup section */
		0A47D12615215B8B00655ABD /* lib */ = {
			isa = PBXGroup;
			children = (
				0A47D12815215BAF00655ABD /* JSON.h */,
				0A47D12915215BAF00655ABD /* NSObject+SBJson.h */,
				0A47D12A15215BAF00655ABD /* NSObject+SBJson.m */,
				0A47D12B15215BAF00655ABD /* SBJson.h */,
				0A47D12C15215BAF00655ABD /* SBJsonParser.h */,
				0A47D12D15215BAF00655ABD /* SBJsonParser.m */,
				0A47D12E15215BAF00655ABD /* SBJsonStreamParser.h */,
				0A47D12F15215BAF00655ABD /* SBJsonStreamParser.m */,
				0A47D13015215BAF00655ABD /* SBJsonStreamParserAccumulator.h */,
				0A47D13115215BAF00655ABD /* SBJsonStreamParserAccumulator.m */,
				0A47D13215215BAF00655ABD /* SBJsonStreamParserAdapter.h */,
				0A47D13315215BAF00655ABD /* SBJsonStreamParserAdapter.m */,
				0A47D13415215BAF00655ABD /* SBJsonStreamParserState.h */,
				0A47D13515215BAF00655ABD /* SBJsonStreamParserState.m */,
				0A47D13615215BAF00655ABD /* SBJsonStreamWriter.h */,
				0A47D13715215BAF00655ABD /* SBJsonStreamWriter.m */,
				0A47D13815215BAF00655ABD /* SBJsonStreamWriterAccumulator.h */,
				0A47D13915215BAF00655ABD /* SBJsonStreamWriterAccumulator.m */,
				0A47D13A15215BAF00655ABD /* SBJsonStreamWriterState.h */,
				0A47D13B15215BAF00655ABD /* SBJsonStreamWriterState.m */,
				0A47D13C15215BAF00655ABD /* SBJsonTokeniser.h */,
				0A47D13D15215BAF00655ABD /* SBJsonTokeniser.m */,
				0A47D13E15215BAF00655ABD /* SBJsonUTF8Stream.h */,
				0A47D13F15215BAF00655ABD /* SBJsonUTF8Stream.m */,
				0A47D14015215BAF00655ABD /* SBJsonWriter.h */,
				0A47D14115215BAF00655ABD /* SBJsonWriter.m */,
			);
			name = lib;
			sourceTree = "<group>";
		};
		0A833EA81517B03D000BECBB = {
			isa = PBXGroup;
			children = (
				0AC83C5D1549BC2E00390F7A /* UIKit.framework */,
				0A833EB81517B03D000BECBB /* UserCluesIOS */,
				0A833ECC1517B03D000BECBB /* UserCluesIOSTests */,
				0A833EB51517B03D000BECBB /* Frameworks */,
				0A833EB41517B03D000BECBB /* Products */,
			);
			sourceTree = "<group>";
		};
		0A833EB41517B03D000BECBB /* Products */ = {
			isa = PBXGroup;
			children = (
				0A833EB31517B03D000BECBB /* libUserCluesIOS.a */,
				0A833EC31517B03D000BECBB /* UserCluesIOSTests.octest */,
			);
			name = Products;
			sourceTree = "<group>";
		};
		0A833EB51517B03D000BECBB /* Frameworks */ = {
			isa = PBXGroup;
			children = (
				0A833EB61517B03D000BECBB /* Foundation.framework */,
				0A833EC41517B03D000BECBB /* SenTestingKit.framework */,
				0A833EC61517B03D000BECBB /* UIKit.framework */,
			);
			name = Frameworks;
			sourceTree = "<group>";
		};
		0A833EB81517B03D000BECBB /* UserCluesIOS */ = {
			isa = PBXGroup;
			children = (
				0A47D12615215B8B00655ABD /* lib */,
				0A833EE71517E7B8000BECBB /* API.h */,
				0A833EE81517E7B8000BECBB /* API.m */,
				0A39479F15264A5700E1938A /* Event.h */,
				0A3947A015264A5700E1938A /* Event.m */,
				0A3947A415278C7F00E1938A /* EventQueue.h */,
				0A3947A515278C8000E1938A /* EventQueue.m */,
				0A833EF3151B61F0000BECBB /* ExceptionHandler.h */,
				0A833EF4151B61F1000BECBB /* ExceptionHandler.m */,
				0A833EEB151825E2000BECBB /* Routes.h */,
				0A833EEC151825E2000BECBB /* Routes.m */,
				0A47D1C91523A0FD00655ABD /* Session.h */,
				0A47D1CA1523A0FD00655ABD /* Session.m */,
				0A699750154B56450054155A /* UCIdentifier.h */,
				0A699751154B56450054155A /* UCIdentifier.m */,
				0A47D1C51523976F00655ABD /* UCResponse.h */,
				0A47D1C61523976F00655ABD /* UCResponse.m */,
				0A833EE41517C19B000BECBB /* UserClues+Private.h */,
				0A833EBB1517B03D000BECBB /* UserClues.h */,
				0A833EBC1517B03D000BECBB /* UserClues.m */,
				0A833EB91517B03D000BECBB /* Supporting Files */,
			);
			path = UserCluesIOS;
			sourceTree = "<group>";
		};
		0A833EB91517B03D000BECBB /* Supporting Files */ = {
			isa = PBXGroup;
			children = (
				0A833EBA1517B03D000BECBB /* UserCluesIOS-Prefix.pch */,
			);
			name = "Supporting Files";
			sourceTree = "<group>";
		};
		0A833ECC1517B03D000BECBB /* UserCluesIOSTests */ = {
			isa = PBXGroup;
			children = (
				0A833ED21517B03D000BECBB /* UserCluesIOSTests.h */,
				0A833ED31517B03D000BECBB /* UserCluesIOSTests.m */,
				0A833ECD1517B03D000BECBB /* Supporting Files */,
			);
			path = UserCluesIOSTests;
			sourceTree = "<group>";
		};
		0A833ECD1517B03D000BECBB /* Supporting Files */ = {
			isa = PBXGroup;
			children = (
				0A833ECE1517B03D000BECBB /* UserCluesIOSTests-Info.plist */,
				0A833ECF1517B03D000BECBB /* InfoPlist.strings */,
			);
			name = "Supporting Files";
			sourceTree = "<group>";
		};
/* End PBXGroup section */

/* Begin PBXHeadersBuildPhase section */
		0A833EB11517B03D000BECBB /* Headers */ = {
			isa = PBXHeadersBuildPhase;
			buildActionMask = 2147483647;
			files = (
				0A833EE51517C19B000BECBB /* UserClues+Private.h in Headers */,
				0A833EE91517E7B8000BECBB /* API.h in Headers */,
				0A833EED151825E2000BECBB /* Routes.h in Headers */,
				0A833EF5151B61F1000BECBB /* ExceptionHandler.h in Headers */,
				0A47D14215215BAF00655ABD /* JSON.h in Headers */,
				0A47D14315215BAF00655ABD /* NSObject+SBJson.h in Headers */,
				0A47D14515215BAF00655ABD /* SBJson.h in Headers */,
				0A47D14615215BAF00655ABD /* SBJsonParser.h in Headers */,
				0A47D14815215BAF00655ABD /* SBJsonStreamParser.h in Headers */,
				0A47D14A15215BAF00655ABD /* SBJsonStreamParserAccumulator.h in Headers */,
				0A47D14C15215BAF00655ABD /* SBJsonStreamParserAdapter.h in Headers */,
				0A47D14E15215BAF00655ABD /* SBJsonStreamParserState.h in Headers */,
				0A47D15015215BAF00655ABD /* SBJsonStreamWriter.h in Headers */,
				0A47D15215215BAF00655ABD /* SBJsonStreamWriterAccumulator.h in Headers */,
				0A47D15415215BAF00655ABD /* SBJsonStreamWriterState.h in Headers */,
				0A47D15615215BAF00655ABD /* SBJsonTokeniser.h in Headers */,
				0A47D15815215BAF00655ABD /* SBJsonUTF8Stream.h in Headers */,
				0A47D15A15215BAF00655ABD /* SBJsonWriter.h in Headers */,
				0A47D1C71523977000655ABD /* UCResponse.h in Headers */,
				0A47D1CB1523A0FE00655ABD /* Session.h in Headers */,
				0A3947A115264A5700E1938A /* Event.h in Headers */,
				0A3947A615278C8000E1938A /* EventQueue.h in Headers */,
				0A699752154B56450054155A /* UCIdentifier.h in Headers */,
			);
			runOnlyForDeploymentPostprocessing = 0;
		};
/* End PBXHeadersBuildPhase section */

/* Begin PBXNativeTarget section */
		0A833EB21517B03D000BECBB /* UserCluesIOS */ = {
			isa = PBXNativeTarget;
			buildConfigurationList = 0A833ED71517B03D000BECBB /* Build configuration list for PBXNativeTarget "UserCluesIOS" */;
			buildPhases = (
				0A833EAF1517B03D000BECBB /* Sources */,
				0A833EB01517B03D000BECBB /* Frameworks */,
				0A833EB11517B03D000BECBB /* Headers */,
			);
			buildRules = (
			);
			dependencies = (
			);
			name = UserCluesIOS;
			productName = UserCluesIOS;
			productReference = 0A833EB31517B03D000BECBB /* libUserCluesIOS.a */;
			productType = "com.apple.product-type.library.static";
		};
		0A833EC21517B03D000BECBB /* UserCluesIOSTests */ = {
			isa = PBXNativeTarget;
			buildConfigurationList = 0A833EDA1517B03D000BECBB /* Build configuration list for PBXNativeTarget "UserCluesIOSTests" */;
			buildPhases = (
				0A833EBE1517B03D000BECBB /* Sources */,
				0A833EBF1517B03D000BECBB /* Frameworks */,
				0A833EC01517B03D000BECBB /* Resources */,
				0A833EC11517B03D000BECBB /* ShellScript */,
			);
			buildRules = (
			);
			dependencies = (
				0A833ECA1517B03D000BECBB /* PBXTargetDependency */,
			);
			name = UserCluesIOSTests;
			productName = UserCluesIOSTests;
			productReference = 0A833EC31517B03D000BECBB /* UserCluesIOSTests.octest */;
			productType = "com.apple.product-type.bundle";
		};
/* End PBXNativeTarget section */

/* Begin PBXProject section */
		0A833EAA1517B03D000BECBB /* Project object */ = {
			isa = PBXProject;
			attributes = {
				LastUpgradeCheck = 0420;
				ORGANIZATIONNAME = "DevBBQ Inc.";
			};
			buildConfigurationList = 0A833EAD1517B03D000BECBB /* Build configuration list for PBXProject "UserCluesIOS" */;
			compatibilityVersion = "Xcode 3.2";
			developmentRegion = English;
			hasScannedForEncodings = 0;
			knownRegions = (
				en,
			);
			mainGroup = 0A833EA81517B03D000BECBB;
			productRefGroup = 0A833EB41517B03D000BECBB /* Products */;
			projectDirPath = "";
			projectRoot = "";
			targets = (
				0A833EB21517B03D000BECBB /* UserCluesIOS */,
				0A833EC21517B03D000BECBB /* UserCluesIOSTests */,
			);
		};
/* End PBXProject section */

/* Begin PBXResourcesBuildPhase section */
		0A833EC01517B03D000BECBB /* Resources */ = {
			isa = PBXResourcesBuildPhase;
			buildActionMask = 2147483647;
			files = (
				0A833ED11517B03D000BECBB /* InfoPlist.strings in Resources */,
			);
			runOnlyForDeploymentPostprocessing = 0;
		};
/* End PBXResourcesBuildPhase section */

/* Begin PBXShellScriptBuildPhase section */
		0A833EC11517B03D000BECBB /* ShellScript */ = {
			isa = PBXShellScriptBuildPhase;
			buildActionMask = 2147483647;
			files = (
			);
			inputPaths = (
			);
			outputPaths = (
			);
			runOnlyForDeploymentPostprocessing = 0;
			shellPath = /bin/sh;
			shellScript = "# Run the unit tests in this test bundle.\n\"${SYSTEM_DEVELOPER_DIR}/Tools/RunUnitTests\"\n";
		};
/* End PBXShellScriptBuildPhase section */

/* Begin PBXSourcesBuildPhase section */
		0A833EAF1517B03D000BECBB /* Sources */ = {
			isa = PBXSourcesBuildPhase;
			buildActionMask = 2147483647;
			files = (
				0A833EBD1517B03D000BECBB /* UserClues.m in Sources */,
				0A833EEA1517E7B8000BECBB /* API.m in Sources */,
				0A833EEE151825E2000BECBB /* Routes.m in Sources */,
				0A833EF6151B61F1000BECBB /* ExceptionHandler.m in Sources */,
				0A47D14415215BAF00655ABD /* NSObject+SBJson.m in Sources */,
				0A47D14715215BAF00655ABD /* SBJsonParser.m in Sources */,
				0A47D14915215BAF00655ABD /* SBJsonStreamParser.m in Sources */,
				0A47D14B15215BAF00655ABD /* SBJsonStreamParserAccumulator.m in Sources */,
				0A47D14D15215BAF00655ABD /* SBJsonStreamParserAdapter.m in Sources */,
				0A47D14F15215BAF00655ABD /* SBJsonStreamParserState.m in Sources */,
				0A47D15115215BAF00655ABD /* SBJsonStreamWriter.m in Sources */,
				0A47D15315215BAF00655ABD /* SBJsonStreamWriterAccumulator.m in Sources */,
				0A47D15515215BAF00655ABD /* SBJsonStreamWriterState.m in Sources */,
				0A47D15715215BAF00655ABD /* SBJsonTokeniser.m in Sources */,
				0A47D15915215BAF00655ABD /* SBJsonUTF8Stream.m in Sources */,
				0A47D15B15215BAF00655ABD /* SBJsonWriter.m in Sources */,
				0A47D1C81523977000655ABD /* UCResponse.m in Sources */,
				0A47D1CC1523A0FE00655ABD /* Session.m in Sources */,
				0A3947A215264A5700E1938A /* Event.m in Sources */,
				0A3947A715278C8000E1938A /* EventQueue.m in Sources */,
				0A699753154B56450054155A /* UCIdentifier.m in Sources */,
			);
			runOnlyForDeploymentPostprocessing = 0;
		};
		0A833EBE1517B03D000BECBB /* Sources */ = {
			isa = PBXSourcesBuildPhase;
			buildActionMask = 2147483647;
			files = (
				0A833ED41517B03D000BECBB /* UserCluesIOSTests.m in Sources */,
			);
			runOnlyForDeploymentPostprocessing = 0;
		};
/* End PBXSourcesBuildPhase section */

/* Begin PBXTargetDependency section */
		0A833ECA1517B03D000BECBB /* PBXTargetDependency */ = {
			isa = PBXTargetDependency;
			target = 0A833EB21517B03D000BECBB /* UserCluesIOS */;
			targetProxy = 0A833EC91517B03D000BECBB /* PBXContainerItemProxy */;
		};
/* End PBXTargetDependency section */

/* Begin PBXVariantGroup section */
		0A833ECF1517B03D000BECBB /* InfoPlist.strings */ = {
			isa = PBXVariantGroup;
			children = (
				0A833ED01517B03D000BECBB /* en */,
			);
			name = InfoPlist.strings;
			sourceTree = "<group>";
		};
/* End PBXVariantGroup section */

/* Begin XCBuildConfiguration section */
		0A833ED51517B03D000BECBB /* Debug */ = {
			isa = XCBuildConfiguration;
			buildSettings = {
				ALWAYS_SEARCH_USER_PATHS = NO;
				ARCHS = (
					"$(ARCHS_STANDARD_32_BIT)",
					armv6,
				);
				COPY_PHASE_STRIP = NO;
				GCC_C_LANGUAGE_STANDARD = gnu99;
				GCC_DYNAMIC_NO_PIC = NO;
				GCC_OPTIMIZATION_LEVEL = 0;
				GCC_PREPROCESSOR_DEFINITIONS = (
					"DEBUG=1",
					"$(inherited)",
				);
				GCC_SYMBOLS_PRIVATE_EXTERN = NO;
				GCC_VERSION = com.apple.compilers.llvm.clang.1_0;
				GCC_WARN_ABOUT_MISSING_PROTOTYPES = YES;
				GCC_WARN_ABOUT_RETURN_TYPE = YES;
				GCC_WARN_UNUSED_VARIABLE = YES;
				IPHONEOS_DEPLOYMENT_TARGET = 5.0;
				ONLY_ACTIVE_ARCH = YES;
				SDKROOT = iphoneos;
				VALID_ARCHS = "armv6 armv7 i386";
			};
			name = Debug;
		};
		0A833ED61517B03D000BECBB /* Release */ = {
			isa = XCBuildConfiguration;
			buildSettings = {
				ALWAYS_SEARCH_USER_PATHS = NO;
				ARCHS = (
					"$(ARCHS_STANDARD_32_BIT)",
					armv6,
				);
				COPY_PHASE_STRIP = YES;
				GCC_C_LANGUAGE_STANDARD = gnu99;
				GCC_VERSION = com.apple.compilers.llvm.clang.1_0;
				GCC_WARN_ABOUT_MISSING_PROTOTYPES = YES;
				GCC_WARN_ABOUT_RETURN_TYPE = YES;
				GCC_WARN_UNUSED_VARIABLE = YES;
				IPHONEOS_DEPLOYMENT_TARGET = 5.0;
				ONLY_ACTIVE_ARCH = YES;
				SDKROOT = iphoneos;
				VALIDATE_PRODUCT = YES;
				VALID_ARCHS = "armv6 armv7 i386";
			};
			name = Release;
		};
		0A833ED81517B03D000BECBB /* Debug */ = {
			isa = XCBuildConfiguration;
			buildSettings = {
				DSTROOT = /tmp/UserCluesIOS.dst;
				GCC_PRECOMPILE_PREFIX_HEADER = YES;
				GCC_PREFIX_HEADER = "UserCluesIOS/UserCluesIOS-Prefix.pch";
				IPHONEOS_DEPLOYMENT_TARGET = 3.2;
				ONLY_ACTIVE_ARCH = NO;
				OTHER_LDFLAGS = "-ObjC";
				PRODUCT_NAME = "$(TARGET_NAME)";
				SDKROOT = iphoneos5.1;
				SKIP_INSTALL = YES;
				VALID_ARCHS = "armv6 armv7 i386";
			};
			name = Debug;
		};
		0A833ED91517B03D000BECBB /* Release */ = {
			isa = XCBuildConfiguration;
			buildSettings = {
				DSTROOT = /tmp/UserCluesIOS.dst;
				GCC_PRECOMPILE_PREFIX_HEADER = YES;
				GCC_PREFIX_HEADER = "UserCluesIOS/UserCluesIOS-Prefix.pch";
				IPHONEOS_DEPLOYMENT_TARGET = 3.2;
				ONLY_ACTIVE_ARCH = NO;
				OTHER_LDFLAGS = "-ObjC";
				PRODUCT_NAME = "$(TARGET_NAME)";
				SDKROOT = iphoneos5.1;
				SKIP_INSTALL = YES;
				VALID_ARCHS = "armv6 armv7 i386";
			};
			name = Release;
		};
		0A833EDB1517B03D000BECBB /* Debug */ = {
			isa = XCBuildConfiguration;
			buildSettings = {
				FRAMEWORK_SEARCH_PATHS = (
					"$(SDKROOT)/Developer/Library/Frameworks",
					"$(DEVELOPER_LIBRARY_DIR)/Frameworks",
				);
				GCC_PRECOMPILE_PREFIX_HEADER = YES;
				GCC_PREFIX_HEADER = "UserCluesIOS/UserCluesIOS-Prefix.pch";
				INFOPLIST_FILE = "UserCluesIOSTests/UserCluesIOSTests-Info.plist";
				PRODUCT_NAME = "$(TARGET_NAME)";
				WRAPPER_EXTENSION = octest;
			};
			name = Debug;
		};
		0A833EDC1517B03D000BECBB /* Release */ = {
			isa = XCBuildConfiguration;
			buildSettings = {
				FRAMEWORK_SEARCH_PATHS = (
					"$(SDKROOT)/Developer/Library/Frameworks",
					"$(DEVELOPER_LIBRARY_DIR)/Frameworks",
				);
				GCC_PRECOMPILE_PREFIX_HEADER = YES;
				GCC_PREFIX_HEADER = "UserCluesIOS/UserCluesIOS-Prefix.pch";
				INFOPLIST_FILE = "UserCluesIOSTests/UserCluesIOSTests-Info.plist";
				PRODUCT_NAME = "$(TARGET_NAME)";
				WRAPPER_EXTENSION = octest;
			};
			name = Release;
		};
/* End XCBuildConfiguration section */

/* Begin XCConfigurationList section */
		0A833EAD1517B03D000BECBB /* Build configuration list for PBXProject "UserCluesIOS" */ = {
			isa = XCConfigurationList;
			buildConfigurations = (
				0A833ED51517B03D000BECBB /* Debug */,
				0A833ED61517B03D000BECBB /* Release */,
			);
			defaultConfigurationIsVisible = 0;
			defaultConfigurationName = Release;
		};
		0A833ED71517B03D000BECBB /* Build configuration list for PBXNativeTarget "UserCluesIOS" */ = {
			isa = XCConfigurationList;
			buildConfigurations = (
				0A833ED81517B03D000BECBB /* Debug */,
				0A833ED91517B03D000BECBB /* Release */,
			);
			defaultConfigurationIsVisible = 0;
			defaultConfigurationName = Release;
		};
		0A833EDA1517B03D000BECBB /* Build configuration list for PBXNativeTarget "UserCluesIOSTests" */ = {
			isa = XCConfigurationList;
			buildConfigurations = (
				0A833EDB1517B03D000BECBB /* Debug */,
				0A833EDC1517B03D000BECBB /* Release */,
			);
			defaultConfigurationIsVisible = 0;
			defaultConfigurationName = Release;
		};
/* End XCConfigurationList section */
	};
	rootObject = 0A833EAA1517B03D000BECBB /* Project object */;
}
